
Microsoft Visual Studio Solution File, Format Version 12.00
# Visual Studio Version 17
VisualStudioVersion = 17.0.31903.59
MinimumVisualStudioVersion = 10.0.40219.1
Project("{2150E333-8FDC-42A3-9474-1A3956D46DE8}") = "src", "src", "{30EA24C8-19A9-4BDD-8B00-DE2F565528A1}"
EndProject
Project("{2150E333-8FDC-42A3-9474-1A3956D46DE8}") = "Core", "Core", "{05CD83C2-8677-4052-A8D7-C8D4728C9720}"
EndProject
Project("{FAE04EC0-301F-11D3-BF4B-00C04F79EFBC}") = "Sample.Domain", "src\Core\Sample.Domain\Sample.Domain.csproj", "{4E061648-ED61-46D0-A32F-32FC495845F6}"
EndProject
Project("{2150E333-8FDC-42A3-9474-1A3956D46DE8}") = "Infrastructure", "Infrastructure", "{CB5F8FAF-8000-4ABB-A1EA-8346045E5B14}"
EndProject
Project("{2150E333-8FDC-42A3-9474-1A3956D46DE8}") = "API", "API", "{B534260C-A3F7-4F0C-BDF7-CFD0D5BE0A28}"
EndProject
Project("{FAE04EC0-301F-11D3-BF4B-00C04F79EFBC}") = "Sample.Application", "src\Core\Sample.Application\Sample.Application.csproj", "{8BF00431-E2A5-4FBA-98A4-548E4051681B}"
EndProject
Project("{FAE04EC0-301F-11D3-BF4B-00C04F79EFBC}") = "Sample.Infrastructure", "src\Infrastructure\Sample.Infrastructure\Sample.Infrastructure.csproj", "{6DAD84F3-E71E-4A2E-928F-5C49535D4A36}"
EndProject
Project("{FAE04EC0-301F-11D3-BF4B-00C04F79EFBC}") = "Sample.Persistence", "src\Infrastructure\Sample.Persistence\Sample.Persistence.csproj", "{A4B8336D-0787-4481-9D8C-43D2ABA2D622}"
EndProject
Project("{FAE04EC0-301F-11D3-BF4B-00C04F79EFBC}") = "Sample.API", "src\API\Sample.API\Sample.API.csproj", "{B4316BB0-11AE-4FAC-829F-79528CC8D456}"
EndProject
Project("{2150E333-8FDC-42A3-9474-1A3956D46DE8}") = "test", "test", "{2937C606-9F5B-4B4B-B8D8-91229182B877}"
EndProject
Project("{FAE04EC0-301F-11D3-BF4B-00C04F79EFBC}") = "Sample.API.IntegrationTests", "test\Sample.API.IntegrationTests\Sample.API.IntegrationTests.csproj", "{EC5C69D7-FE94-4BF8-BCF6-0DA3B23A5415}"
EndProject
Project("{FAE04EC0-301F-11D3-BF4B-00C04F79EFBC}") = "Sample.Application.UnitTests", "test\Sample.Application.UnitTests\Sample.Application.UnitTests.csproj", "{BD5EBF14-5EE6-470C-9833-527DEA6E249A}"
EndProject
Project("{FAE04EC0-301F-11D3-BF4B-00C04F79EFBC}") = "Sample.Persistence.IntegrationTests", "test\Sample.Persistence.IntegrationTests\Sample.Persistence.IntegrationTests.csproj", "{330B29F4-0C21-483D-B32D-824FC37FF5D0}"
EndProject
Project("{FAE04EC0-301F-11D3-BF4B-00C04F79EFBC}") = "Sample.Identity", "src\Infrastructure\Sample.Identity\Sample.Identity.csproj", "{B6190A1F-6957-4387-8302-11342F7E9659}"
EndProject
Global
	GlobalSection(SolutionConfigurationPlatforms) = preSolution
		Debug|Any CPU = Debug|Any CPU
		Release|Any CPU = Release|Any CPU
	EndGlobalSection
	GlobalSection(ProjectConfigurationPlatforms) = postSolution
		{4E061648-ED61-46D0-A32F-32FC495845F6}.Debug|Any CPU.ActiveCfg = Debug|Any CPU
		{4E061648-ED61-46D0-A32F-32FC495845F6}.Debug|Any CPU.Build.0 = Debug|Any CPU
		{4E061648-ED61-46D0-A32F-32FC495845F6}.Release|Any CPU.ActiveCfg = Release|Any CPU
		{4E061648-ED61-46D0-A32F-32FC495845F6}.Release|Any CPU.Build.0 = Release|Any CPU
		{8BF00431-E2A5-4FBA-98A4-548E4051681B}.Debug|Any CPU.ActiveCfg = Debug|Any CPU
		{8BF00431-E2A5-4FBA-98A4-548E4051681B}.Debug|Any CPU.Build.0 = Debug|Any CPU
		{8BF00431-E2A5-4FBA-98A4-548E4051681B}.Release|Any CPU.ActiveCfg = Release|Any CPU
		{8BF00431-E2A5-4FBA-98A4-548E4051681B}.Release|Any CPU.Build.0 = Release|Any CPU
		{6DAD84F3-E71E-4A2E-928F-5C49535D4A36}.Debug|Any CPU.ActiveCfg = Debug|Any CPU
		{6DAD84F3-E71E-4A2E-928F-5C49535D4A36}.Debug|Any CPU.Build.0 = Debug|Any CPU
		{6DAD84F3-E71E-4A2E-928F-5C49535D4A36}.Release|Any CPU.ActiveCfg = Release|Any CPU
		{6DAD84F3-E71E-4A2E-928F-5C49535D4A36}.Release|Any CPU.Build.0 = Release|Any CPU
		{A4B8336D-0787-4481-9D8C-43D2ABA2D622}.Debug|Any CPU.ActiveCfg = Debug|Any CPU
		{A4B8336D-0787-4481-9D8C-43D2ABA2D622}.Debug|Any CPU.Build.0 = Debug|Any CPU
		{A4B8336D-0787-4481-9D8C-43D2ABA2D622}.Release|Any CPU.ActiveCfg = Release|Any CPU
		{A4B8336D-0787-4481-9D8C-43D2ABA2D622}.Release|Any CPU.Build.0 = Release|Any CPU
		{B4316BB0-11AE-4FAC-829F-79528CC8D456}.Debug|Any CPU.ActiveCfg = Debug|Any CPU
		{B4316BB0-11AE-4FAC-829F-79528CC8D456}.Debug|Any CPU.Build.0 = Debug|Any CPU
		{B4316BB0-11AE-4FAC-829F-79528CC8D456}.Release|Any CPU.ActiveCfg = Release|Any CPU
		{B4316BB0-11AE-4FAC-829F-79528CC8D456}.Release|Any CPU.Build.0 = Release|Any CPU
		{EC5C69D7-FE94-4BF8-BCF6-0DA3B23A5415}.Debug|Any CPU.ActiveCfg = Debug|Any CPU
		{EC5C69D7-FE94-4BF8-BCF6-0DA3B23A5415}.Debug|Any CPU.Build.0 = Debug|Any CPU
		{EC5C69D7-FE94-4BF8-BCF6-0DA3B23A5415}.Release|Any CPU.ActiveCfg = Release|Any CPU
		{EC5C69D7-FE94-4BF8-BCF6-0DA3B23A5415}.Release|Any CPU.Build.0 = Release|Any CPU
		{BD5EBF14-5EE6-470C-9833-527DEA6E249A}.Debug|Any CPU.ActiveCfg = Debug|Any CPU
		{BD5EBF14-5EE6-470C-9833-527DEA6E249A}.Debug|Any CPU.Build.0 = Debug|Any CPU
		{BD5EBF14-5EE6-470C-9833-527DEA6E249A}.Release|Any CPU.ActiveCfg = Release|Any CPU
		{BD5EBF14-5EE6-470C-9833-527DEA6E249A}.Release|Any CPU.Build.0 = Release|Any CPU
		{330B29F4-0C21-483D-B32D-824FC37FF5D0}.Debug|Any CPU.ActiveCfg = Debug|Any CPU
		{330B29F4-0C21-483D-B32D-824FC37FF5D0}.Debug|Any CPU.Build.0 = Debug|Any CPU
		{330B29F4-0C21-483D-B32D-824FC37FF5D0}.Release|Any CPU.ActiveCfg = Release|Any CPU
		{330B29F4-0C21-483D-B32D-824FC37FF5D0}.Release|Any CPU.Build.0 = Release|Any CPU
		{B6190A1F-6957-4387-8302-11342F7E9659}.Debug|Any CPU.ActiveCfg = Debug|Any CPU
		{B6190A1F-6957-4387-8302-11342F7E9659}.Debug|Any CPU.Build.0 = Debug|Any CPU
		{B6190A1F-6957-4387-8302-11342F7E9659}.Release|Any CPU.ActiveCfg = Release|Any CPU
		{B6190A1F-6957-4387-8302-11342F7E9659}.Release|Any CPU.Build.0 = Release|Any CPU
	EndGlobalSection
	GlobalSection(SolutionProperties) = preSolution
		HideSolutionNode = FALSE
	EndGlobalSection
	GlobalSection(NestedProjects) = preSolution
		{05CD83C2-8677-4052-A8D7-C8D4728C9720} = {30EA24C8-19A9-4BDD-8B00-DE2F565528A1}
		{4E061648-ED61-46D0-A32F-32FC495845F6} = {05CD83C2-8677-4052-A8D7-C8D4728C9720}
		{CB5F8FAF-8000-4ABB-A1EA-8346045E5B14} = {30EA24C8-19A9-4BDD-8B00-DE2F565528A1}
		{B534260C-A3F7-4F0C-BDF7-CFD0D5BE0A28} = {30EA24C8-19A9-4BDD-8B00-DE2F565528A1}
		{8BF00431-E2A5-4FBA-98A4-548E4051681B} = {05CD83C2-8677-4052-A8D7-C8D4728C9720}
		{6DAD84F3-E71E-4A2E-928F-5C49535D4A36} = {CB5F8FAF-8000-4ABB-A1EA-8346045E5B14}
		{A4B8336D-0787-4481-9D8C-43D2ABA2D622} = {CB5F8FAF-8000-4ABB-A1EA-8346045E5B14}
		{B4316BB0-11AE-4FAC-829F-79528CC8D456} = {B534260C-A3F7-4F0C-BDF7-CFD0D5BE0A28}
		{EC5C69D7-FE94-4BF8-BCF6-0DA3B23A5415} = {2937C606-9F5B-4B4B-B8D8-91229182B877}
		{BD5EBF14-5EE6-470C-9833-527DEA6E249A} = {2937C606-9F5B-4B4B-B8D8-91229182B877}
		{330B29F4-0C21-483D-B32D-824FC37FF5D0} = {2937C606-9F5B-4B4B-B8D8-91229182B877}
		{B6190A1F-6957-4387-8302-11342F7E9659} = {CB5F8FAF-8000-4ABB-A1EA-8346045E5B14}
	EndGlobalSection
EndGlobal
